
Microsoft Visual Studio Solution File, Format Version 12.00
# Visual Studio 15
Project("{FAE04EC0-301F-11D3-BF4B-00C04F79EFBC}") = "Assembly-CSharp", "Assembly-CSharp.csproj", "{3A393195-C09A-AD80-718E-385364BCE174}"
EndProject
Project("{FAE04EC0-301F-11D3-BF4B-00C04F79EFBC}") = "Sirenix.OdinInspector.CompatibilityLayer", "Sirenix.OdinInspector.CompatibilityLayer.csproj", "{392B3D99-605C-5E77-AF54-080B7D7F0A71}"
EndProject
Project("{FAE04EC0-301F-11D3-BF4B-00C04F79EFBC}") = "Assembly-CSharp-Editor", "Assembly-CSharp-Editor.csproj", "{B0E27D73-60E8-9EE1-A4D2-AFFE7DDB19DD}"
EndProject
Project("{FAE04EC0-301F-11D3-BF4B-00C04F79EFBC}") = "Sirenix.OdinInspector.CompatibilityLayer.Editor", "Sirenix.OdinInspector.CompatibilityLayer.Editor.csproj", "{DC5402B0-1E12-5351-C511-0BCF2E023FEF}"
EndProject
Global
	GlobalSection(SolutionConfigurationPlatforms) = preSolution
		Debug|Any CPU = Debug|Any CPU
		Release|Any CPU = Release|Any CPU
	EndGlobalSection
	GlobalSection(ProjectConfigurationPlatforms) = postSolution
		{3A393195-C09A-AD80-718E-385364BCE174}.Debug|Any CPU.ActiveCfg = Debug|Any CPU
		{3A393195-C09A-AD80-718E-385364BCE174}.Debug|Any CPU.Build.0 = Debug|Any CPU
		{3A393195-C09A-AD80-718E-385364BCE174}.Release|Any CPU.ActiveCfg = Release|Any CPU
		{3A393195-C09A-AD80-718E-385364BCE174}.Release|Any CPU.Build.0 = Release|Any CPU
		{392B3D99-605C-5E77-AF54-080B7D7F0A71}.Debug|Any CPU.ActiveCfg = Debug|Any CPU
		{392B3D99-605C-5E77-AF54-080B7D7F0A71}.Debug|Any CPU.Build.0 = Debug|Any CPU
		{392B3D99-605C-5E77-AF54-080B7D7F0A71}.Release|Any CPU.ActiveCfg = Release|Any CPU
		{392B3D99-605C-5E77-AF54-080B7D7F0A71}.Release|Any CPU.Build.0 = Release|Any CPU
		{B0E27D73-60E8-9EE1-A4D2-AFFE7DDB19DD}.Debug|Any CPU.ActiveCfg = Debug|Any CPU
		{B0E27D73-60E8-9EE1-A4D2-AFFE7DDB19DD}.Debug|Any CPU.Build.0 = Debug|Any CPU
		{B0E27D73-60E8-9EE1-A4D2-AFFE7DDB19DD}.Release|Any CPU.ActiveCfg = Release|Any CPU
		{B0E27D73-60E8-9EE1-A4D2-AFFE7DDB19DD}.Release|Any CPU.Build.0 = Release|Any CPU
		{DC5402B0-1E12-5351-C511-0BCF2E023FEF}.Debug|Any CPU.ActiveCfg = Debug|Any CPU
		{DC5402B0-1E12-5351-C511-0BCF2E023FEF}.Debug|Any CPU.Build.0 = Debug|Any CPU
		{DC5402B0-1E12-5351-C511-0BCF2E023FEF}.Release|Any CPU.ActiveCfg = Release|Any CPU
		{DC5402B0-1E12-5351-C511-0BCF2E023FEF}.Release|Any CPU.Build.0 = Release|Any CPU
	EndGlobalSection
	GlobalSection(SolutionProperties) = preSolution
		HideSolutionNode = FALSE
	EndGlobalSection
EndGlobal
